
Microsoft Visual Studio Solution File, Format Version 12.00
# Visual Studio Version 17
VisualStudioVersion = 17.4.33122.133
MinimumVisualStudioVersion = 10.0.40219.1
Project("{FAE04EC0-301F-11D3-BF4B-00C04F79EFBC}") = "TorneioLuta", "TorneioLuta\TorneioLuta.csproj", "{08D7BA22-1CEC-4B78-9613-B97C1D7C16DE}"
EndProject
Global
	GlobalSection(SolutionConfigurationPlatforms) = preSolution
		Debug|Any CPU = Debug|Any CPU
		Release|Any CPU = Release|Any CPU
	EndGlobalSection
	GlobalSection(ProjectConfigurationPlatforms) = postSolution
		{08D7BA22-1CEC-4B78-9613-B97C1D7C16DE}.Debug|Any CPU.ActiveCfg = Debug|Any CPU
		{08D7BA22-1CEC-4B78-9613-B97C1D7C16DE}.Debug|Any CPU.Build.0 = Debug|Any CPU
		{08D7BA22-1CEC-4B78-9613-B97C1D7C16DE}.Release|Any CPU.ActiveCfg = Release|Any CPU
		{08D7BA22-1CEC-4B78-9613-B97C1D7C16DE}.Release|Any CPU.Build.0 = Release|Any CPU
	EndGlobalSection
	GlobalSection(SolutionProperties) = preSolution
		HideSolutionNode = FALSE
	EndGlobalSection
	GlobalSection(ExtensibilityGlobals) = postSolution
		SolutionGuid = {D4A7DDDB-2F2C-44DE-9BBF-4B67FE7C3760}
	EndGlobalSection
EndGlobal
